
Microsoft Visual Studio Solution File, Format Version 12.00
# Visual Studio 14
VisualStudioVersion = 14.0.23107.0
MinimumVisualStudioVersion = 10.0.40219.1
Project("{FAE04EC0-301F-11D3-BF4B-00C04F79EFBC}") = "Aruba.Web", "Aruba.Web\Aruba.Web.csproj", "{23C02531-89B7-4CCC-BD7D-CC3BB5AA9EB1}"
EndProject
Project("{2150E333-8FDC-42A3-9474-1A3956D46DE8}") = "PublishScripts", "PublishScripts", "{C3594C1A-7DD4-4145-9F09-AAF96B76B7EC}"
EndProject
Project("{2150E333-8FDC-42A3-9474-1A3956D46DE8}") = "Scripts", "Scripts", "{C83877B4-45C4-4259-BBA5-91F640DA29C7}"
	ProjectSection(SolutionItems) = preProject
		PublishScripts\Scripts\Deploy-AzureResourceGroup.ps1 = PublishScripts\Scripts\Deploy-AzureResourceGroup.ps1
	EndProjectSection
EndProject
Project("{2150E333-8FDC-42A3-9474-1A3956D46DE8}") = "Templates", "Templates", "{0880A5B3-29B0-45C2-BAC9-6F6E75FA86DC}"
	ProjectSection(SolutionItems) = preProject
		PublishScripts\Templates\ArubaWeb.json = PublishScripts\Templates\ArubaWeb.json
		PublishScripts\Templates\ArubaWeb.param.dev.json = PublishScripts\Templates\ArubaWeb.param.dev.json
	EndProjectSection
EndProject
Project("{FAE04EC0-301F-11D3-BF4B-00C04F79EFBC}") = "DataAccessLayer.RealEstateObjects", "DataAccessLayer.RealEstateObjects\DataAccessLayer.RealEstateObjects.csproj", "{FD149EAF-6B6A-480B-8710-67B95CCB92B5}"
EndProject
Project("{FAE04EC0-301F-11D3-BF4B-00C04F79EFBC}") = "DataContexts.Application", "DataContexts.Application\DataContexts.Application.csproj", "{7F131E5C-442B-4B2D-971B-D41840812777}"
EndProject
Project("{FAE04EC0-301F-11D3-BF4B-00C04F79EFBC}") = "Models.Database", "Models.Database\Models.Database.csproj", "{713A3E40-EF43-4A5B-BC19-3CCA50431D07}"
EndProject
Project("{FAE04EC0-301F-11D3-BF4B-00C04F79EFBC}") = "Models.Identity", "Models.Identity\Models.Identity.csproj", "{7440A59D-DD34-4751-98B6-7173411201D6}"
EndProject
Project("{FAE04EC0-301F-11D3-BF4B-00C04F79EFBC}") = "Models.RealEstateObjects", "Models.RealEstateObjects\Models.RealEstateObjects.csproj", "{083D2D02-C755-4A23-979F-504040E171B6}"
EndProject
Project("{FAE04EC0-301F-11D3-BF4B-00C04F79EFBC}") = "DataAccessLayer.PrintTemplates", "DataAccessLayer.PrintTemplates\DataAccessLayer.PrintTemplates.csproj", "{2E136492-644A-42B8-A039-83E572909E6D}"
EndProject
Project("{FAE04EC0-301F-11D3-BF4B-00C04F79EFBC}") = "DataAccessLayer.Database", "DataAccessLayer.Database\DataAccessLayer.Database.csproj", "{EE09B9B4-8229-4072-96CF-F279A701350E}"
EndProject
Project("{FAE04EC0-301F-11D3-BF4B-00C04F79EFBC}") = "Models.PrintTemplates", "Models.PrintTemplates\Models.PrintTemplates.csproj", "{38687A44-B932-4470-8A0B-224735C1983E}"
EndProject
Project("{CC5FD16D-436D-48AD-A40C-5A424C6E3E79}") = "AzureCloudService", "AzureCloudService\AzureCloudService.ccproj", "{9D4068DD-7D4E-4EDB-A3A0-814079D67791}"
EndProject
Project("{FAE04EC0-301F-11D3-BF4B-00C04F79EFBC}") = "Aruba.PdfWorkerRole", "Aruba.PdfWorkerRole\Aruba.PdfWorkerRole.csproj", "{79176E42-B467-46A7-A140-587D4B12229D}"
EndProject
Project("{FAE04EC0-301F-11D3-BF4B-00C04F79EFBC}") = "Aruba.SharedTypes", "Aruba.SharedTypes\Aruba.SharedTypes.csproj", "{E65F5AC1-73FE-4FFC-B964-C9CB04B56721}"
EndProject
Project("{2150E333-8FDC-42A3-9474-1A3956D46DE8}") = "Test projects", "Test projects", "{07CE7C55-3EAA-4683-AED4-394E532A3AA9}"
EndProject
Project("{FAE04EC0-301F-11D3-BF4B-00C04F79EFBC}") = "DataAccessLayer.RealEstateObjects.Tests", "DataAccessLayer.RealEstateObjects.Tests\DataAccessLayer.RealEstateObjects.Tests.csproj", "{27E5DD74-9A8E-46A8-A92A-D41F720D39E8}"
EndProject
Global
	GlobalSection(SolutionConfigurationPlatforms) = preSolution
		Debug|Any CPU = Debug|Any CPU
		Release|Any CPU = Release|Any CPU
	EndGlobalSection
	GlobalSection(ProjectConfigurationPlatforms) = postSolution
		{23C02531-89B7-4CCC-BD7D-CC3BB5AA9EB1}.Debug|Any CPU.ActiveCfg = Debug|Any CPU
		{23C02531-89B7-4CCC-BD7D-CC3BB5AA9EB1}.Debug|Any CPU.Build.0 = Debug|Any CPU
		{23C02531-89B7-4CCC-BD7D-CC3BB5AA9EB1}.Release|Any CPU.ActiveCfg = Release|Any CPU
		{23C02531-89B7-4CCC-BD7D-CC3BB5AA9EB1}.Release|Any CPU.Build.0 = Release|Any CPU
		{FD149EAF-6B6A-480B-8710-67B95CCB92B5}.Debug|Any CPU.ActiveCfg = Debug|Any CPU
		{FD149EAF-6B6A-480B-8710-67B95CCB92B5}.Debug|Any CPU.Build.0 = Debug|Any CPU
		{FD149EAF-6B6A-480B-8710-67B95CCB92B5}.Release|Any CPU.ActiveCfg = Release|Any CPU
		{FD149EAF-6B6A-480B-8710-67B95CCB92B5}.Release|Any CPU.Build.0 = Release|Any CPU
		{7F131E5C-442B-4B2D-971B-D41840812777}.Debug|Any CPU.ActiveCfg = Debug|Any CPU
		{7F131E5C-442B-4B2D-971B-D41840812777}.Debug|Any CPU.Build.0 = Debug|Any CPU
		{7F131E5C-442B-4B2D-971B-D41840812777}.Release|Any CPU.ActiveCfg = Release|Any CPU
		{7F131E5C-442B-4B2D-971B-D41840812777}.Release|Any CPU.Build.0 = Release|Any CPU
		{713A3E40-EF43-4A5B-BC19-3CCA50431D07}.Debug|Any CPU.ActiveCfg = Debug|Any CPU
		{713A3E40-EF43-4A5B-BC19-3CCA50431D07}.Debug|Any CPU.Build.0 = Debug|Any CPU
		{713A3E40-EF43-4A5B-BC19-3CCA50431D07}.Release|Any CPU.ActiveCfg = Release|Any CPU
		{713A3E40-EF43-4A5B-BC19-3CCA50431D07}.Release|Any CPU.Build.0 = Release|Any CPU
		{7440A59D-DD34-4751-98B6-7173411201D6}.Debug|Any CPU.ActiveCfg = Debug|Any CPU
		{7440A59D-DD34-4751-98B6-7173411201D6}.Debug|Any CPU.Build.0 = Debug|Any CPU
		{7440A59D-DD34-4751-98B6-7173411201D6}.Release|Any CPU.ActiveCfg = Release|Any CPU
		{7440A59D-DD34-4751-98B6-7173411201D6}.Release|Any CPU.Build.0 = Release|Any CPU
		{083D2D02-C755-4A23-979F-504040E171B6}.Debug|Any CPU.ActiveCfg = Debug|Any CPU
		{083D2D02-C755-4A23-979F-504040E171B6}.Debug|Any CPU.Build.0 = Debug|Any CPU
		{083D2D02-C755-4A23-979F-504040E171B6}.Release|Any CPU.ActiveCfg = Release|Any CPU
		{083D2D02-C755-4A23-979F-504040E171B6}.Release|Any CPU.Build.0 = Release|Any CPU
		{2E136492-644A-42B8-A039-83E572909E6D}.Debug|Any CPU.ActiveCfg = Debug|Any CPU
		{2E136492-644A-42B8-A039-83E572909E6D}.Debug|Any CPU.Build.0 = Debug|Any CPU
		{2E136492-644A-42B8-A039-83E572909E6D}.Release|Any CPU.ActiveCfg = Release|Any CPU
		{2E136492-644A-42B8-A039-83E572909E6D}.Release|Any CPU.Build.0 = Release|Any CPU
		{EE09B9B4-8229-4072-96CF-F279A701350E}.Debug|Any CPU.ActiveCfg = Debug|Any CPU
		{EE09B9B4-8229-4072-96CF-F279A701350E}.Debug|Any CPU.Build.0 = Debug|Any CPU
		{EE09B9B4-8229-4072-96CF-F279A701350E}.Release|Any CPU.ActiveCfg = Release|Any CPU
		{EE09B9B4-8229-4072-96CF-F279A701350E}.Release|Any CPU.Build.0 = Release|Any CPU
		{38687A44-B932-4470-8A0B-224735C1983E}.Debug|Any CPU.ActiveCfg = Debug|Any CPU
		{38687A44-B932-4470-8A0B-224735C1983E}.Debug|Any CPU.Build.0 = Debug|Any CPU
		{38687A44-B932-4470-8A0B-224735C1983E}.Release|Any CPU.ActiveCfg = Release|Any CPU
		{38687A44-B932-4470-8A0B-224735C1983E}.Release|Any CPU.Build.0 = Release|Any CPU
		{9D4068DD-7D4E-4EDB-A3A0-814079D67791}.Debug|Any CPU.ActiveCfg = Debug|Any CPU
		{9D4068DD-7D4E-4EDB-A3A0-814079D67791}.Release|Any CPU.ActiveCfg = Release|Any CPU
		{9D4068DD-7D4E-4EDB-A3A0-814079D67791}.Release|Any CPU.Build.0 = Release|Any CPU
		{79176E42-B467-46A7-A140-587D4B12229D}.Debug|Any CPU.ActiveCfg = Debug|Any CPU
		{79176E42-B467-46A7-A140-587D4B12229D}.Release|Any CPU.ActiveCfg = Release|Any CPU
		{79176E42-B467-46A7-A140-587D4B12229D}.Release|Any CPU.Build.0 = Release|Any CPU
		{E65F5AC1-73FE-4FFC-B964-C9CB04B56721}.Debug|Any CPU.ActiveCfg = Debug|Any CPU
		{E65F5AC1-73FE-4FFC-B964-C9CB04B56721}.Debug|Any CPU.Build.0 = Debug|Any CPU
		{E65F5AC1-73FE-4FFC-B964-C9CB04B56721}.Release|Any CPU.ActiveCfg = Release|Any CPU
		{E65F5AC1-73FE-4FFC-B964-C9CB04B56721}.Release|Any CPU.Build.0 = Release|Any CPU
		{27E5DD74-9A8E-46A8-A92A-D41F720D39E8}.Debug|Any CPU.ActiveCfg = Debug|Any CPU
		{27E5DD74-9A8E-46A8-A92A-D41F720D39E8}.Debug|Any CPU.Build.0 = Debug|Any CPU
		{27E5DD74-9A8E-46A8-A92A-D41F720D39E8}.Release|Any CPU.ActiveCfg = Release|Any CPU
		{27E5DD74-9A8E-46A8-A92A-D41F720D39E8}.Release|Any CPU.Build.0 = Release|Any CPU
	EndGlobalSection
	GlobalSection(SolutionProperties) = preSolution
		HideSolutionNode = FALSE
	EndGlobalSection
	GlobalSection(NestedProjects) = preSolution
		{C83877B4-45C4-4259-BBA5-91F640DA29C7} = {C3594C1A-7DD4-4145-9F09-AAF96B76B7EC}
		{0880A5B3-29B0-45C2-BAC9-6F6E75FA86DC} = {C3594C1A-7DD4-4145-9F09-AAF96B76B7EC}
		{27E5DD74-9A8E-46A8-A92A-D41F720D39E8} = {07CE7C55-3EAA-4683-AED4-394E532A3AA9}
	EndGlobalSection
EndGlobal
